// !$*UTF8*$!
{
	archiveVersion = 1;
	classes = {
	};
	objectVersion = 55;
	objects = {

/* Begin PBXBuildFile section */
		2A9EBF5D28B58239009ED151 /* AppDelegate.swift in Sources */ = {isa = PBXBuildFile; fileRef = 2A9EBF5C28B58239009ED151 /* AppDelegate.swift */; };
		2A9EBF5F28B58239009ED151 /* SceneDelegate.swift in Sources */ = {isa = PBXBuildFile; fileRef = 2A9EBF5E28B58239009ED151 /* SceneDelegate.swift */; };
		2A9EBF6128B58239009ED151 /* ViewController.swift in Sources */ = {isa = PBXBuildFile; fileRef = 2A9EBF6028B58239009ED151 /* ViewController.swift */; };
		2A9EBF6428B58239009ED151 /* Main.storyboard in Resources */ = {isa = PBXBuildFile; fileRef = 2A9EBF6228B58239009ED151 /* Main.storyboard */; };
		2A9EBF6928B5823B009ED151 /* LaunchScreen.storyboard in Resources */ = {isa = PBXBuildFile; fileRef = 2A9EBF6728B5823B009ED151 /* LaunchScreen.storyboard */; };
		2A9EBF7428B5823B009ED151 /* iosTests.swift in Sources */ = {isa = PBXBuildFile; fileRef = 2A9EBF7328B5823B009ED151 /* iosTests.swift */; };
		2A9EBF7E28B5823B009ED151 /* iosUITests.swift in Sources */ = {isa = PBXBuildFile; fileRef = 2A9EBF7D28B5823B009ED151 /* iosUITests.swift */; };
		2A9EBF8028B5823B009ED151 /* iosUITestsLaunchTests.swift in Sources */ = {isa = PBXBuildFile; fileRef = 2A9EBF7F28B5823B009ED151 /* iosUITestsLaunchTests.swift */; };
		2A9EBF8D28B69114009ED151 /* LoginViewController.swift in Sources */ = {isa = PBXBuildFile; fileRef = 2A9EBF8C28B69114009ED151 /* LoginViewController.swift */; };
		2AC1B40828C91F3D00F4D8B9 /* ProfilePage.storyboard in Resources */ = {isa = PBXBuildFile; fileRef = 2AC1B40728C91F3C00F4D8B9 /* ProfilePage.storyboard */; };
		2AC1B40A28C9267900F4D8B9 /* StartPage.storyboard in Resources */ = {isa = PBXBuildFile; fileRef = 2AC1B40928C9267900F4D8B9 /* StartPage.storyboard */; };
		2AC1B40C28C9269E00F4D8B9 /* BeaconBoard.storyboard in Resources */ = {isa = PBXBuildFile; fileRef = 2AC1B40B28C9269E00F4D8B9 /* BeaconBoard.storyboard */; };
		2ADF00AF28C1A084003AB036 /* SignUpViewController.swift in Sources */ = {isa = PBXBuildFile; fileRef = 2ADF00AE28C1A084003AB036 /* SignUpViewController.swift */; };
		4A7FD20C28C958D3001C33DF /* ProfileViewController.swift in Sources */ = {isa = PBXBuildFile; fileRef = 4A7FD20B28C958D3001C33DF /* ProfileViewController.swift */; };
		F0D227BE28C02B65003E3100 /* Assets.xcassets in Resources */ = {isa = PBXBuildFile; fileRef = F0D227BD28C02B65003E3100 /* Assets.xcassets */; };
/* End PBXBuildFile section */

/* Begin PBXContainerItemProxy section */
		2A9EBF7028B5823B009ED151 /* PBXContainerItemProxy */ = {
			isa = PBXContainerItemProxy;
			containerPortal = 2A9EBF5128B58238009ED151 /* Project object */;
			proxyType = 1;
			remoteGlobalIDString = 2A9EBF5828B58238009ED151;
			remoteInfo = storyboard;
		};
		2A9EBF7A28B5823B009ED151 /* PBXContainerItemProxy */ = {
			isa = PBXContainerItemProxy;
			containerPortal = 2A9EBF5128B58238009ED151 /* Project object */;
			proxyType = 1;
			remoteGlobalIDString = 2A9EBF5828B58238009ED151;
			remoteInfo = storyboard;
		};
/* End PBXContainerItemProxy section */

/* Begin PBXFileReference section */
		2A9EBF5928B58238009ED151 /* ios.app */ = {isa = PBXFileReference; explicitFileType = wrapper.application; includeInIndex = 0; path = ios.app; sourceTree = BUILT_PRODUCTS_DIR; };
		2A9EBF5C28B58239009ED151 /* AppDelegate.swift */ = {isa = PBXFileReference; lastKnownFileType = sourcecode.swift; path = AppDelegate.swift; sourceTree = "<group>"; };
		2A9EBF5E28B58239009ED151 /* SceneDelegate.swift */ = {isa = PBXFileReference; lastKnownFileType = sourcecode.swift; path = SceneDelegate.swift; sourceTree = "<group>"; };
		2A9EBF6028B58239009ED151 /* ViewController.swift */ = {isa = PBXFileReference; lastKnownFileType = sourcecode.swift; path = ViewController.swift; sourceTree = "<group>"; };
		2A9EBF6328B58239009ED151 /* Base */ = {isa = PBXFileReference; lastKnownFileType = file.storyboard; name = Base; path = Base.lproj/Main.storyboard; sourceTree = "<group>"; };
		2A9EBF6828B5823B009ED151 /* Base */ = {isa = PBXFileReference; lastKnownFileType = file.storyboard; name = Base; path = Base.lproj/LaunchScreen.storyboard; sourceTree = "<group>"; };
		2A9EBF6A28B5823B009ED151 /* Info.plist */ = {isa = PBXFileReference; lastKnownFileType = text.plist.xml; path = Info.plist; sourceTree = "<group>"; };
		2A9EBF6F28B5823B009ED151 /* iosTests.xctest */ = {isa = PBXFileReference; explicitFileType = wrapper.cfbundle; includeInIndex = 0; path = iosTests.xctest; sourceTree = BUILT_PRODUCTS_DIR; };
		2A9EBF7328B5823B009ED151 /* iosTests.swift */ = {isa = PBXFileReference; lastKnownFileType = sourcecode.swift; path = iosTests.swift; sourceTree = "<group>"; };
		2A9EBF7928B5823B009ED151 /* iosUITests.xctest */ = {isa = PBXFileReference; explicitFileType = wrapper.cfbundle; includeInIndex = 0; path = iosUITests.xctest; sourceTree = BUILT_PRODUCTS_DIR; };
		2A9EBF7D28B5823B009ED151 /* iosUITests.swift */ = {isa = PBXFileReference; lastKnownFileType = sourcecode.swift; path = iosUITests.swift; sourceTree = "<group>"; };
		2A9EBF7F28B5823B009ED151 /* iosUITestsLaunchTests.swift */ = {isa = PBXFileReference; lastKnownFileType = sourcecode.swift; path = iosUITestsLaunchTests.swift; sourceTree = "<group>"; };
		2A9EBF8C28B69114009ED151 /* LoginViewController.swift */ = {isa = PBXFileReference; lastKnownFileType = sourcecode.swift; path = LoginViewController.swift; sourceTree = "<group>"; };
		2AC1B40728C91F3C00F4D8B9 /* ProfilePage.storyboard */ = {isa = PBXFileReference; lastKnownFileType = file.storyboard; path = ProfilePage.storyboard; sourceTree = "<group>"; };
		2AC1B40928C9267900F4D8B9 /* StartPage.storyboard */ = {isa = PBXFileReference; lastKnownFileType = file.storyboard; path = StartPage.storyboard; sourceTree = "<group>"; };
		2AC1B40B28C9269E00F4D8B9 /* BeaconBoard.storyboard */ = {isa = PBXFileReference; lastKnownFileType = file.storyboard; path = BeaconBoard.storyboard; sourceTree = "<group>"; };
		2ADF00AE28C1A084003AB036 /* SignUpViewController.swift */ = {isa = PBXFileReference; lastKnownFileType = sourcecode.swift; path = SignUpViewController.swift; sourceTree = "<group>"; };
		4A7FD20B28C958D3001C33DF /* ProfileViewController.swift */ = {isa = PBXFileReference; lastKnownFileType = sourcecode.swift; path = ProfileViewController.swift; sourceTree = "<group>"; };
		F0D227BD28C02B65003E3100 /* Assets.xcassets */ = {isa = PBXFileReference; lastKnownFileType = folder.assetcatalog; path = Assets.xcassets; sourceTree = "<group>"; };
/* End PBXFileReference section */

/* Begin PBXFrameworksBuildPhase section */
		2A9EBF5628B58238009ED151 /* Frameworks */ = {
			isa = PBXFrameworksBuildPhase;
			buildActionMask = 2147483647;
			files = (
			);
			runOnlyForDeploymentPostprocessing = 0;
		};
		2A9EBF6C28B5823B009ED151 /* Frameworks */ = {
			isa = PBXFrameworksBuildPhase;
			buildActionMask = 2147483647;
			files = (
			);
			runOnlyForDeploymentPostprocessing = 0;
		};
		2A9EBF7628B5823B009ED151 /* Frameworks */ = {
			isa = PBXFrameworksBuildPhase;
			buildActionMask = 2147483647;
			files = (
			);
			runOnlyForDeploymentPostprocessing = 0;
		};
/* End PBXFrameworksBuildPhase section */

/* Begin PBXGroup section */
		2A9EBF5028B58238009ED151 = {
			isa = PBXGroup;
			children = (
				2A9EBF5B28B58239009ED151 /* ios */,
				2A9EBF7228B5823B009ED151 /* iosTests */,
				2A9EBF7C28B5823B009ED151 /* iosUITests */,
				2A9EBF5A28B58238009ED151 /* Products */,
			);
			sourceTree = "<group>";
		};
		2A9EBF5A28B58238009ED151 /* Products */ = {
			isa = PBXGroup;
			children = (
				2A9EBF5928B58238009ED151 /* ios.app */,
				2A9EBF6F28B5823B009ED151 /* iosTests.xctest */,
				2A9EBF7928B5823B009ED151 /* iosUITests.xctest */,
			);
			name = Products;
			sourceTree = "<group>";
		};
		2A9EBF5B28B58239009ED151 /* ios */ = {
			isa = PBXGroup;
			children = (
				2A9EBF5C28B58239009ED151 /* AppDelegate.swift */,
				2A9EBF5E28B58239009ED151 /* SceneDelegate.swift */,
				2A9EBF6028B58239009ED151 /* ViewController.swift */,
				2A9EBF8C28B69114009ED151 /* LoginViewController.swift */,
				2ADF00AE28C1A084003AB036 /* SignUpViewController.swift */,
				2A9EBF6728B5823B009ED151 /* LaunchScreen.storyboard */,
				2A9EBF6228B58239009ED151 /* Main.storyboard */,
				2AC1B40728C91F3C00F4D8B9 /* ProfilePage.storyboard */,
				2AC1B40928C9267900F4D8B9 /* StartPage.storyboard */,
				2AC1B40B28C9269E00F4D8B9 /* BeaconBoard.storyboard */,
				F0D227BD28C02B65003E3100 /* Assets.xcassets */,
				2A9EBF6A28B5823B009ED151 /* Info.plist */,
				4A7FD20B28C958D3001C33DF /* ProfileViewController.swift */,
			);
			path = ios;
			sourceTree = "<group>";
		};
		2A9EBF7228B5823B009ED151 /* iosTests */ = {
			isa = PBXGroup;
			children = (
				2A9EBF7328B5823B009ED151 /* iosTests.swift */,
			);
			path = iosTests;
			sourceTree = "<group>";
		};
		2A9EBF7C28B5823B009ED151 /* iosUITests */ = {
			isa = PBXGroup;
			children = (
				2A9EBF7D28B5823B009ED151 /* iosUITests.swift */,
				2A9EBF7F28B5823B009ED151 /* iosUITestsLaunchTests.swift */,
			);
			path = iosUITests;
			sourceTree = "<group>";
		};
/* End PBXGroup section */

/* Begin PBXNativeTarget section */
		2A9EBF5828B58238009ED151 /* ios */ = {
			isa = PBXNativeTarget;
			buildConfigurationList = 2A9EBF8328B5823B009ED151 /* Build configuration list for PBXNativeTarget "ios" */;
			buildPhases = (
				2A9EBF5528B58238009ED151 /* Sources */,
				2A9EBF5628B58238009ED151 /* Frameworks */,
				2A9EBF5728B58238009ED151 /* Resources */,
			);
			buildRules = (
			);
			dependencies = (
			);
			name = ios;
			productName = storyboard;
			productReference = 2A9EBF5928B58238009ED151 /* ios.app */;
			productType = "com.apple.product-type.application";
		};
		2A9EBF6E28B5823B009ED151 /* iosTests */ = {
			isa = PBXNativeTarget;
			buildConfigurationList = 2A9EBF8628B5823B009ED151 /* Build configuration list for PBXNativeTarget "iosTests" */;
			buildPhases = (
				2A9EBF6B28B5823B009ED151 /* Sources */,
				2A9EBF6C28B5823B009ED151 /* Frameworks */,
				2A9EBF6D28B5823B009ED151 /* Resources */,
			);
			buildRules = (
			);
			dependencies = (
				2A9EBF7128B5823B009ED151 /* PBXTargetDependency */,
			);
			name = iosTests;
			productName = storyboardTests;
			productReference = 2A9EBF6F28B5823B009ED151 /* iosTests.xctest */;
			productType = "com.apple.product-type.bundle.unit-test";
		};
		2A9EBF7828B5823B009ED151 /* iosUITests */ = {
			isa = PBXNativeTarget;
			buildConfigurationList = 2A9EBF8928B5823B009ED151 /* Build configuration list for PBXNativeTarget "iosUITests" */;
			buildPhases = (
				2A9EBF7528B5823B009ED151 /* Sources */,
				2A9EBF7628B5823B009ED151 /* Frameworks */,
				2A9EBF7728B5823B009ED151 /* Resources */,
			);
			buildRules = (
			);
			dependencies = (
				2A9EBF7B28B5823B009ED151 /* PBXTargetDependency */,
			);
			name = iosUITests;
			productName = storyboardUITests;
			productReference = 2A9EBF7928B5823B009ED151 /* iosUITests.xctest */;
			productType = "com.apple.product-type.bundle.ui-testing";
		};
/* End PBXNativeTarget section */

/* Begin PBXProject section */
		2A9EBF5128B58238009ED151 /* Project object */ = {
			isa = PBXProject;
			attributes = {
				BuildIndependentTargetsInParallel = 1;
				LastSwiftUpdateCheck = 1340;
				LastUpgradeCheck = 1340;
				TargetAttributes = {
					2A9EBF5828B58238009ED151 = {
						CreatedOnToolsVersion = 13.4.1;
					};
					2A9EBF6E28B5823B009ED151 = {
						CreatedOnToolsVersion = 13.4.1;
						TestTargetID = 2A9EBF5828B58238009ED151;
					};
					2A9EBF7828B5823B009ED151 = {
						CreatedOnToolsVersion = 13.4.1;
						TestTargetID = 2A9EBF5828B58238009ED151;
					};
				};
			};
			buildConfigurationList = 2A9EBF5428B58238009ED151 /* Build configuration list for PBXProject "ios" */;
			compatibilityVersion = "Xcode 13.0";
			developmentRegion = en;
			hasScannedForEncodings = 0;
			knownRegions = (
				en,
				Base,
			);
			mainGroup = 2A9EBF5028B58238009ED151;
			productRefGroup = 2A9EBF5A28B58238009ED151 /* Products */;
			projectDirPath = "";
			projectRoot = "";
			targets = (
				2A9EBF5828B58238009ED151 /* ios */,
				2A9EBF6E28B5823B009ED151 /* iosTests */,
				2A9EBF7828B5823B009ED151 /* iosUITests */,
			);
		};
/* End PBXProject section */

/* Begin PBXResourcesBuildPhase section */
		2A9EBF5728B58238009ED151 /* Resources */ = {
			isa = PBXResourcesBuildPhase;
			buildActionMask = 2147483647;
			files = (
				2A9EBF6928B5823B009ED151 /* LaunchScreen.storyboard in Resources */,
				F0D227BE28C02B65003E3100 /* Assets.xcassets in Resources */,
				2A9EBF6428B58239009ED151 /* Main.storyboard in Resources */,
				2AC1B40828C91F3D00F4D8B9 /* ProfilePage.storyboard in Resources */,
				2AC1B40A28C9267900F4D8B9 /* StartPage.storyboard in Resources */,
				2AC1B40C28C9269E00F4D8B9 /* BeaconBoard.storyboard in Resources */,
			);
			runOnlyForDeploymentPostprocessing = 0;
		};
		2A9EBF6D28B5823B009ED151 /* Resources */ = {
			isa = PBXResourcesBuildPhase;
			buildActionMask = 2147483647;
			files = (
			);
			runOnlyForDeploymentPostprocessing = 0;
		};
		2A9EBF7728B5823B009ED151 /* Resources */ = {
			isa = PBXResourcesBuildPhase;
			buildActionMask = 2147483647;
			files = (
			);
			runOnlyForDeploymentPostprocessing = 0;
		};
/* End PBXResourcesBuildPhase section */

/* Begin PBXSourcesBuildPhase section */
		2A9EBF5528B58238009ED151 /* Sources */ = {
			isa = PBXSourcesBuildPhase;
			buildActionMask = 2147483647;
			files = (
				4A7FD20C28C958D3001C33DF /* ProfileViewController.swift in Sources */,
				2ADF00AF28C1A084003AB036 /* SignUpViewController.swift in Sources */,
				2A9EBF8D28B69114009ED151 /* LoginViewController.swift in Sources */,
				2A9EBF6128B58239009ED151 /* ViewController.swift in Sources */,
				2A9EBF5D28B58239009ED151 /* AppDelegate.swift in Sources */,
				2A9EBF5F28B58239009ED151 /* SceneDelegate.swift in Sources */,
			);
			runOnlyForDeploymentPostprocessing = 0;
		};
		2A9EBF6B28B5823B009ED151 /* Sources */ = {
			isa = PBXSourcesBuildPhase;
			buildActionMask = 2147483647;
			files = (
				2A9EBF7428B5823B009ED151 /* iosTests.swift in Sources */,
			);
			runOnlyForDeploymentPostprocessing = 0;
		};
		2A9EBF7528B5823B009ED151 /* Sources */ = {
			isa = PBXSourcesBuildPhase;
			buildActionMask = 2147483647;
			files = (
				2A9EBF7E28B5823B009ED151 /* iosUITests.swift in Sources */,
				2A9EBF8028B5823B009ED151 /* iosUITestsLaunchTests.swift in Sources */,
			);
			runOnlyForDeploymentPostprocessing = 0;
		};
/* End PBXSourcesBuildPhase section */

/* Begin PBXTargetDependency section */
		2A9EBF7128B5823B009ED151 /* PBXTargetDependency */ = {
			isa = PBXTargetDependency;
			target = 2A9EBF5828B58238009ED151 /* ios */;
			targetProxy = 2A9EBF7028B5823B009ED151 /* PBXContainerItemProxy */;
		};
		2A9EBF7B28B5823B009ED151 /* PBXTargetDependency */ = {
			isa = PBXTargetDependency;
			target = 2A9EBF5828B58238009ED151 /* ios */;
			targetProxy = 2A9EBF7A28B5823B009ED151 /* PBXContainerItemProxy */;
		};
/* End PBXTargetDependency section */

/* Begin PBXVariantGroup section */
		2A9EBF6228B58239009ED151 /* Main.storyboard */ = {
			isa = PBXVariantGroup;
			children = (
				2A9EBF6328B58239009ED151 /* Base */,
			);
			name = Main.storyboard;
			sourceTree = "<group>";
		};
		2A9EBF6728B5823B009ED151 /* LaunchScreen.storyboard */ = {
			isa = PBXVariantGroup;
			children = (
				2A9EBF6828B5823B009ED151 /* Base */,
			);
			name = LaunchScreen.storyboard;
			sourceTree = "<group>";
		};
/* End PBXVariantGroup section */

/* Begin XCBuildConfiguration section */
		2A9EBF8128B5823B009ED151 /* Debug */ = {
			isa = XCBuildConfiguration;
			buildSettings = {
				ALWAYS_SEARCH_USER_PATHS = NO;
				CLANG_ANALYZER_NONNULL = YES;
				CLANG_ANALYZER_NUMBER_OBJECT_CONVERSION = YES_AGGRESSIVE;
				CLANG_CXX_LANGUAGE_STANDARD = "gnu++17";
				CLANG_ENABLE_MODULES = YES;
				CLANG_ENABLE_OBJC_ARC = YES;
				CLANG_ENABLE_OBJC_WEAK = YES;
				CLANG_WARN_BLOCK_CAPTURE_AUTORELEASING = YES;
				CLANG_WARN_BOOL_CONVERSION = YES;
				CLANG_WARN_COMMA = YES;
				CLANG_WARN_CONSTANT_CONVERSION = YES;
				CLANG_WARN_DEPRECATED_OBJC_IMPLEMENTATIONS = YES;
				CLANG_WARN_DIRECT_OBJC_ISA_USAGE = YES_ERROR;
				CLANG_WARN_DOCUMENTATION_COMMENTS = YES;
				CLANG_WARN_EMPTY_BODY = YES;
				CLANG_WARN_ENUM_CONVERSION = YES;
				CLANG_WARN_INFINITE_RECURSION = YES;
				CLANG_WARN_INT_CONVERSION = YES;
				CLANG_WARN_NON_LITERAL_NULL_CONVERSION = YES;
				CLANG_WARN_OBJC_IMPLICIT_RETAIN_SELF = YES;
				CLANG_WARN_OBJC_LITERAL_CONVERSION = YES;
				CLANG_WARN_OBJC_ROOT_CLASS = YES_ERROR;
				CLANG_WARN_QUOTED_INCLUDE_IN_FRAMEWORK_HEADER = YES;
				CLANG_WARN_RANGE_LOOP_ANALYSIS = YES;
				CLANG_WARN_STRICT_PROTOTYPES = YES;
				CLANG_WARN_SUSPICIOUS_MOVE = YES;
				CLANG_WARN_UNGUARDED_AVAILABILITY = YES_AGGRESSIVE;
				CLANG_WARN_UNREACHABLE_CODE = YES;
				CLANG_WARN__DUPLICATE_METHOD_MATCH = YES;
				COPY_PHASE_STRIP = NO;
				DEBUG_INFORMATION_FORMAT = dwarf;
				ENABLE_STRICT_OBJC_MSGSEND = YES;
				ENABLE_TESTABILITY = YES;
				GCC_C_LANGUAGE_STANDARD = gnu11;
				GCC_DYNAMIC_NO_PIC = NO;
				GCC_NO_COMMON_BLOCKS = YES;
				GCC_OPTIMIZATION_LEVEL = 0;
				GCC_PREPROCESSOR_DEFINITIONS = (
					"DEBUG=1",
					"$(inherited)",
				);
				GCC_WARN_64_TO_32_BIT_CONVERSION = YES;
				GCC_WARN_ABOUT_RETURN_TYPE = YES_ERROR;
				GCC_WARN_UNDECLARED_SELECTOR = YES;
				GCC_WARN_UNINITIALIZED_AUTOS = YES_AGGRESSIVE;
				GCC_WARN_UNUSED_FUNCTION = YES;
				GCC_WARN_UNUSED_VARIABLE = YES;
				IPHONEOS_DEPLOYMENT_TARGET = 15.5;
				MTL_ENABLE_DEBUG_INFO = INCLUDE_SOURCE;
				MTL_FAST_MATH = YES;
				ONLY_ACTIVE_ARCH = YES;
				SDKROOT = iphoneos;
				SWIFT_ACTIVE_COMPILATION_CONDITIONS = DEBUG;
				SWIFT_OPTIMIZATION_LEVEL = "-Onone";
			};
			name = Debug;
		};
		2A9EBF8228B5823B009ED151 /* Release */ = {
			isa = XCBuildConfiguration;
			buildSettings = {
				ALWAYS_SEARCH_USER_PATHS = NO;
				CLANG_ANALYZER_NONNULL = YES;
				CLANG_ANALYZER_NUMBER_OBJECT_CONVERSION = YES_AGGRESSIVE;
				CLANG_CXX_LANGUAGE_STANDARD = "gnu++17";
				CLANG_ENABLE_MODULES = YES;
				CLANG_ENABLE_OBJC_ARC = YES;
				CLANG_ENABLE_OBJC_WEAK = YES;
				CLANG_WARN_BLOCK_CAPTURE_AUTORELEASING = YES;
				CLANG_WARN_BOOL_CONVERSION = YES;
				CLANG_WARN_COMMA = YES;
				CLANG_WARN_CONSTANT_CONVERSION = YES;
				CLANG_WARN_DEPRECATED_OBJC_IMPLEMENTATIONS = YES;
				CLANG_WARN_DIRECT_OBJC_ISA_USAGE = YES_ERROR;
				CLANG_WARN_DOCUMENTATION_COMMENTS = YES;
				CLANG_WARN_EMPTY_BODY = YES;
				CLANG_WARN_ENUM_CONVERSION = YES;
				CLANG_WARN_INFINITE_RECURSION = YES;
				CLANG_WARN_INT_CONVERSION = YES;
				CLANG_WARN_NON_LITERAL_NULL_CONVERSION = YES;
				CLANG_WARN_OBJC_IMPLICIT_RETAIN_SELF = YES;
				CLANG_WARN_OBJC_LITERAL_CONVERSION = YES;
				CLANG_WARN_OBJC_ROOT_CLASS = YES_ERROR;
				CLANG_WARN_QUOTED_INCLUDE_IN_FRAMEWORK_HEADER = YES;
				CLANG_WARN_RANGE_LOOP_ANALYSIS = YES;
				CLANG_WARN_STRICT_PROTOTYPES = YES;
				CLANG_WARN_SUSPICIOUS_MOVE = YES;
				CLANG_WARN_UNGUARDED_AVAILABILITY = YES_AGGRESSIVE;
				CLANG_WARN_UNREACHABLE_CODE = YES;
				CLANG_WARN__DUPLICATE_METHOD_MATCH = YES;
				COPY_PHASE_STRIP = NO;
				DEBUG_INFORMATION_FORMAT = "dwarf-with-dsym";
				ENABLE_NS_ASSERTIONS = NO;
				ENABLE_STRICT_OBJC_MSGSEND = YES;
				GCC_C_LANGUAGE_STANDARD = gnu11;
				GCC_NO_COMMON_BLOCKS = YES;
				GCC_WARN_64_TO_32_BIT_CONVERSION = YES;
				GCC_WARN_ABOUT_RETURN_TYPE = YES_ERROR;
				GCC_WARN_UNDECLARED_SELECTOR = YES;
				GCC_WARN_UNINITIALIZED_AUTOS = YES_AGGRESSIVE;
				GCC_WARN_UNUSED_FUNCTION = YES;
				GCC_WARN_UNUSED_VARIABLE = YES;
				IPHONEOS_DEPLOYMENT_TARGET = 15.5;
				MTL_ENABLE_DEBUG_INFO = NO;
				MTL_FAST_MATH = YES;
				SDKROOT = iphoneos;
				SWIFT_COMPILATION_MODE = wholemodule;
				SWIFT_OPTIMIZATION_LEVEL = "-O";
				VALIDATE_PRODUCT = YES;
			};
			name = Release;
		};
		2A9EBF8428B5823B009ED151 /* Debug */ = {
			isa = XCBuildConfiguration;
			buildSettings = {
				ASSETCATALOG_COMPILER_APPICON_NAME = AppIcon;
				ASSETCATALOG_COMPILER_GLOBAL_ACCENT_COLOR_NAME = AccentColor;
				CODE_SIGN_STYLE = Automatic;
				CURRENT_PROJECT_VERSION = 1;
				GENERATE_INFOPLIST_FILE = YES;
				INFOPLIST_FILE = ios/Info.plist;
				INFOPLIST_KEY_UIApplicationSupportsIndirectInputEvents = YES;
				INFOPLIST_KEY_UILaunchStoryboardName = LaunchScreen;
				INFOPLIST_KEY_UIMainStoryboardFile = Main;
				INFOPLIST_KEY_UISupportedInterfaceOrientations_iPad = "UIInterfaceOrientationPortrait UIInterfaceOrientationPortraitUpsideDown UIInterfaceOrientationLandscapeLeft UIInterfaceOrientationLandscapeRight";
				INFOPLIST_KEY_UISupportedInterfaceOrientations_iPhone = "UIInterfaceOrientationPortrait UIInterfaceOrientationLandscapeLeft UIInterfaceOrientationLandscapeRight";
				IPHONEOS_DEPLOYMENT_TARGET = 15.0;
				LD_RUNPATH_SEARCH_PATHS = (
					"$(inherited)",
					"@executable_path/Frameworks",
				);
				MARKETING_VERSION = 1.0;
				PRODUCT_BUNDLE_IDENTIFIER = com.adventour.ios;
				PRODUCT_NAME = "$(TARGET_NAME)";
				SWIFT_EMIT_LOC_STRINGS = YES;
				SWIFT_VERSION = 5.0;
				TARGETED_DEVICE_FAMILY = "1,2";
			};
			name = Debug;
		};
		2A9EBF8528B5823B009ED151 /* Release */ = {
			isa = XCBuildConfiguration;
			buildSettings = {
				ASSETCATALOG_COMPILER_APPICON_NAME = AppIcon;
				ASSETCATALOG_COMPILER_GLOBAL_ACCENT_COLOR_NAME = AccentColor;
				CODE_SIGN_STYLE = Automatic;
				CURRENT_PROJECT_VERSION = 1;
				GENERATE_INFOPLIST_FILE = YES;
				INFOPLIST_FILE = ios/Info.plist;
				INFOPLIST_KEY_UIApplicationSupportsIndirectInputEvents = YES;
				INFOPLIST_KEY_UILaunchStoryboardName = LaunchScreen;
				INFOPLIST_KEY_UIMainStoryboardFile = Main;
				INFOPLIST_KEY_UISupportedInterfaceOrientations_iPad = "UIInterfaceOrientationPortrait UIInterfaceOrientationPortraitUpsideDown UIInterfaceOrientationLandscapeLeft UIInterfaceOrientationLandscapeRight";
				INFOPLIST_KEY_UISupportedInterfaceOrientations_iPhone = "UIInterfaceOrientationPortrait UIInterfaceOrientationLandscapeLeft UIInterfaceOrientationLandscapeRight";
				IPHONEOS_DEPLOYMENT_TARGET = 15.0;
				LD_RUNPATH_SEARCH_PATHS = (
					"$(inherited)",
					"@executable_path/Frameworks",
				);
				MARKETING_VERSION = 1.0;
				PRODUCT_BUNDLE_IDENTIFIER = com.adventour.ios;
				PRODUCT_NAME = "$(TARGET_NAME)";
				SWIFT_EMIT_LOC_STRINGS = YES;
				SWIFT_VERSION = 5.0;
				TARGETED_DEVICE_FAMILY = "1,2";
			};
			name = Release;
		};
		2A9EBF8728B5823B009ED151 /* Debug */ = {
			isa = XCBuildConfiguration;
			buildSettings = {
				ALWAYS_EMBED_SWIFT_STANDARD_LIBRARIES = YES;
				BUNDLE_LOADER = "$(TEST_HOST)";
				CODE_SIGN_STYLE = Automatic;
				CURRENT_PROJECT_VERSION = 1;
				GENERATE_INFOPLIST_FILE = YES;
				IPHONEOS_DEPLOYMENT_TARGET = 15.5;
				MARKETING_VERSION = 1.0;
				PRODUCT_BUNDLE_IDENTIFIER = project.storyboardTests;
				PRODUCT_NAME = "$(TARGET_NAME)";
				SWIFT_EMIT_LOC_STRINGS = NO;
				SWIFT_VERSION = 5.0;
				TARGETED_DEVICE_FAMILY = "1,2";
				TEST_HOST = "$(BUILT_PRODUCTS_DIR)/ios.app/ios";
			};
			name = Debug;
		};
		2A9EBF8828B5823B009ED151 /* Release */ = {
			isa = XCBuildConfiguration;
			buildSettings = {
				ALWAYS_EMBED_SWIFT_STANDARD_LIBRARIES = YES;
				BUNDLE_LOADER = "$(TEST_HOST)";
				CODE_SIGN_STYLE = Automatic;
				CURRENT_PROJECT_VERSION = 1;
				GENERATE_INFOPLIST_FILE = YES;
				IPHONEOS_DEPLOYMENT_TARGET = 15.5;
				MARKETING_VERSION = 1.0;
				PRODUCT_BUNDLE_IDENTIFIER = project.storyboardTests;
				PRODUCT_NAME = "$(TARGET_NAME)";
				SWIFT_EMIT_LOC_STRINGS = NO;
				SWIFT_VERSION = 5.0;
				TARGETED_DEVICE_FAMILY = "1,2";
				TEST_HOST = "$(BUILT_PRODUCTS_DIR)/ios.app/ios";
			};
			name = Release;
		};
		2A9EBF8A28B5823B009ED151 /* Debug */ = {
			isa = XCBuildConfiguration;
			buildSettings = {
				ALWAYS_EMBED_SWIFT_STANDARD_LIBRARIES = YES;
				CODE_SIGN_STYLE = Automatic;
				CURRENT_PROJECT_VERSION = 1;
				GENERATE_INFOPLIST_FILE = YES;
				MARKETING_VERSION = 1.0;
				PRODUCT_BUNDLE_IDENTIFIER = project.storyboardUITests;
				PRODUCT_NAME = "$(TARGET_NAME)";
				SWIFT_EMIT_LOC_STRINGS = NO;
				SWIFT_VERSION = 5.0;
				TARGETED_DEVICE_FAMILY = "1,2";
				TEST_TARGET_NAME = storyboard;
			};
			name = Debug;
		};
		2A9EBF8B28B5823B009ED151 /* Release */ = {
			isa = XCBuildConfiguration;
			buildSettings = {
				ALWAYS_EMBED_SWIFT_STANDARD_LIBRARIES = YES;
				CODE_SIGN_STYLE = Automatic;
				CURRENT_PROJECT_VERSION = 1;
				GENERATE_INFOPLIST_FILE = YES;
				MARKETING_VERSION = 1.0;
				PRODUCT_BUNDLE_IDENTIFIER = project.storyboardUITests;
				PRODUCT_NAME = "$(TARGET_NAME)";
				SWIFT_EMIT_LOC_STRINGS = NO;
				SWIFT_VERSION = 5.0;
				TARGETED_DEVICE_FAMILY = "1,2";
				TEST_TARGET_NAME = storyboard;
			};
			name = Release;
		};
/* End XCBuildConfiguration section */

/* Begin XCConfigurationList section */
		2A9EBF5428B58238009ED151 /* Build configuration list for PBXProject "ios" */ = {
			isa = XCConfigurationList;
			buildConfigurations = (
				2A9EBF8128B5823B009ED151 /* Debug */,
				2A9EBF8228B5823B009ED151 /* Release */,
			);
			defaultConfigurationIsVisible = 0;
			defaultConfigurationName = Release;
		};
		2A9EBF8328B5823B009ED151 /* Build configuration list for PBXNativeTarget "ios" */ = {
			isa = XCConfigurationList;
			buildConfigurations = (
				2A9EBF8428B5823B009ED151 /* Debug */,
				2A9EBF8528B5823B009ED151 /* Release */,
			);
			defaultConfigurationIsVisible = 0;
			defaultConfigurationName = Release;
		};
		2A9EBF8628B5823B009ED151 /* Build configuration list for PBXNativeTarget "iosTests" */ = {
			isa = XCConfigurationList;
			buildConfigurations = (
				2A9EBF8728B5823B009ED151 /* Debug */,
				2A9EBF8828B5823B009ED151 /* Release */,
			);
			defaultConfigurationIsVisible = 0;
			defaultConfigurationName = Release;
		};
		2A9EBF8928B5823B009ED151 /* Build configuration list for PBXNativeTarget "iosUITests" */ = {
			isa = XCConfigurationList;
			buildConfigurations = (
				2A9EBF8A28B5823B009ED151 /* Debug */,
				2A9EBF8B28B5823B009ED151 /* Release */,
			);
			defaultConfigurationIsVisible = 0;
			defaultConfigurationName = Release;
		};
/* End XCConfigurationList section */
	};
	rootObject = 2A9EBF5128B58238009ED151 /* Project object */;
}
